
Microsoft Visual Studio Solution File, Format Version 11.00
# Visual Studio 2010
Project("{FAE04EC0-301F-11D3-BF4B-00C04F79EFBC}") = "VSDebugging", "VSDebugging\VSDebugging.csproj", "{2DD4BD62-1705-4686-8D73-33057B6ADD48}"
EndProject
Project("{FAE04EC0-301F-11D3-BF4B-00C04F79EFBC}") = "VSDebugging.Web", "VSDebugging.Web\VSDebugging.Web.csproj", "{04DBD251-D226-4A9C-9613-1458CFAFA40A}"
EndProject
Global
	GlobalSection(SolutionConfigurationPlatforms) = preSolution
		Debug|Any CPU = Debug|Any CPU
		Debug|x86 = Debug|x86
		Release|Any CPU = Release|Any CPU
		Release|x86 = Release|x86
	EndGlobalSection
	GlobalSection(ProjectConfigurationPlatforms) = postSolution
		{2DD4BD62-1705-4686-8D73-33057B6ADD48}.Debug|Any CPU.ActiveCfg = Debug|Any CPU
		{2DD4BD62-1705-4686-8D73-33057B6ADD48}.Debug|Any CPU.Build.0 = Debug|Any CPU
		{2DD4BD62-1705-4686-8D73-33057B6ADD48}.Debug|x86.ActiveCfg = Debug|x86
		{2DD4BD62-1705-4686-8D73-33057B6ADD48}.Debug|x86.Build.0 = Debug|x86
		{2DD4BD62-1705-4686-8D73-33057B6ADD48}.Release|Any CPU.ActiveCfg = Release|x86
		{2DD4BD62-1705-4686-8D73-33057B6ADD48}.Release|x86.ActiveCfg = Release|x86
		{2DD4BD62-1705-4686-8D73-33057B6ADD48}.Release|x86.Build.0 = Release|x86
		{04DBD251-D226-4A9C-9613-1458CFAFA40A}.Debug|Any CPU.ActiveCfg = Debug|Any CPU
		{04DBD251-D226-4A9C-9613-1458CFAFA40A}.Debug|Any CPU.Build.0 = Debug|Any CPU
		{04DBD251-D226-4A9C-9613-1458CFAFA40A}.Debug|x86.ActiveCfg = Debug|Any CPU
		{04DBD251-D226-4A9C-9613-1458CFAFA40A}.Debug|x86.Build.0 = Debug|Any CPU
		{04DBD251-D226-4A9C-9613-1458CFAFA40A}.Release|Any CPU.ActiveCfg = Release|Any CPU
		{04DBD251-D226-4A9C-9613-1458CFAFA40A}.Release|Any CPU.Build.0 = Release|Any CPU
		{04DBD251-D226-4A9C-9613-1458CFAFA40A}.Release|x86.ActiveCfg = Release|Any CPU
	EndGlobalSection
	GlobalSection(SolutionProperties) = preSolution
		HideSolutionNode = FALSE
	EndGlobalSection
EndGlobal
