<?xml version="1.0" encoding="utf-8"?>
<Project ToolsVersion="4.0" xmlns="http://schemas.microsoft.com/developer/msbuild/2003">
  <ItemGroup>
    <Filter Include="Source Files">
      <UniqueIdentifier>{4FC737F1-C7A5-4376-A066-2A32D752A2FF}</UniqueIdentifier>
      <Extensions>cpp;c;cc;cxx;def;odl;idl;hpj;bat;asm;asmx</Extensions>
    </Filter>
    <Filter Include="Header Files">
      <UniqueIdentifier>{93995380-89BD-4b04-88EB-625FBE52EBFB}</UniqueIdentifier>
      <Extensions>h;hpp;hxx;hm;inl;inc;xsd</Extensions>
    </Filter>
    <Filter Include="Resource Files">
      <UniqueIdentifier>{67DA6AB6-F800-4c08-8B7A-83BB121AAD01}</UniqueIdentifier>
      <Extensions>rc;ico;cur;bmp;dlg;rc2;rct;bin;rgs;gif;jpg;jpeg;jpe;resx;tiff;tif;png;wav;mfcribbon-ms</Extensions>
    </Filter>
    <Filter Include="Header Files\Objects">
      <UniqueIdentifier>{329923ac-6048-4321-a857-d09096f82ce1}</UniqueIdentifier>
    </Filter>
    <Filter Include="Header Files\Utils">
      <UniqueIdentifier>{c0e01e6d-c3ab-40f5-a514-6f7f6a2f56da}</UniqueIdentifier>
    </Filter>
    <Filter Include="Header Files\Includes">
      <UniqueIdentifier>{4c55eb9a-b58b-48b0-b744-367cfc3e8308}</UniqueIdentifier>
    </Filter>
    <Filter Include="Header Files\World">
      <UniqueIdentifier>{ab00d352-f5a2-4f15-9464-e0f17c5921da}</UniqueIdentifier>
    </Filter>
    <Filter Include="Source Files\World">
      <UniqueIdentifier>{126aae54-8694-4aa6-a694-71ade6605766}</UniqueIdentifier>
    </Filter>
    <Filter Include="Source Files\Objects">
      <UniqueIdentifier>{675c194c-d9bc-409f-883a-da5c8ee82b78}</UniqueIdentifier>
    </Filter>
    <Filter Include="Source Files\Utils">
      <UniqueIdentifier>{ea0a6e7f-74d6-4628-a15e-4b600c98ea47}</UniqueIdentifier>
    </Filter>
  </ItemGroup>
  <ItemGroup>
    <ClCompile Include="main.cpp">
      <Filter>Source Files</Filter>
    </ClCompile>
    <ClCompile Include="Camera.cpp">
      <Filter>Source Files\World</Filter>
    </ClCompile>
    <ClCompile Include="Map.cpp">
      <Filter>Source Files\World</Filter>
    </ClCompile>
    <ClCompile Include="Bullet.cpp">
      <Filter>Source Files\Objects</Filter>
    </ClCompile>
    <ClCompile Include="Enemy.cpp">
      <Filter>Source Files\Objects</Filter>
    </ClCompile>
    <ClCompile Include="WorldObject.cpp">
      <Filter>Source Files\Objects</Filter>
    </ClCompile>
    <ClCompile Include="Player.cpp">
      <Filter>Source Files\Objects</Filter>
    </ClCompile>
    <ClCompile Include="Timer.cpp">
      <Filter>Source Files\Utils</Filter>
    </ClCompile>
    <ClCompile Include="GraphicsUtils.cpp">
      <Filter>Source Files\Utils</Filter>
    </ClCompile>
    <ClCompile Include="PhysicalObject.cpp">
      <Filter>Source Files\Objects</Filter>
    </ClCompile>
    <ClCompile Include="mt19937ar.cpp">
      <Filter>Source Files\Utils</Filter>
    </ClCompile>
    <ClCompile Include="Level.cpp">
      <Filter>Source Files\World</Filter>
    </ClCompile>
    <ClCompile Include="LevelEnemyInfo.cpp">
      <Filter>Source Files\World</Filter>
    </ClCompile>
    <ClCompile Include="GameLevels.cpp">
      <Filter>Source Files\World</Filter>
    </ClCompile>
    <ClCompile Include="LevelPlayerInfo.cpp">
      <Filter>Source Files\World</Filter>
    </ClCompile>
  </ItemGroup>
  <ItemGroup>
    <None Include="CastleMap.txt" />
    <None Include="Levels.txt" />
  </ItemGroup>
  <ItemGroup>
    <ClInclude Include="Master.h">
      <Filter>Header Files</Filter>
    </ClInclude>
    <ClInclude Include="WorldObject.h">
      <Filter>Header Files\Objects</Filter>
    </ClInclude>
    <ClInclude Include="Bullet.h">
      <Filter>Header Files\Objects</Filter>
    </ClInclude>
    <ClInclude Include="Enemy.h">
      <Filter>Header Files\Objects</Filter>
    </ClInclude>
    <ClInclude Include="Player.h">
      <Filter>Header Files\Objects</Filter>
    </ClInclude>
    <ClInclude Include="Map.h">
      <Filter>Header Files\World</Filter>
    </ClInclude>
    <ClInclude Include="Camera.h">
      <Filter>Header Files\World</Filter>
    </ClInclude>
    <ClInclude Include="GraphicsUtils.h">
      <Filter>Header Files\Utils</Filter>
    </ClInclude>
    <ClInclude Include="InterfaceConstants.h">
      <Filter>Header Files\Utils</Filter>
    </ClInclude>
    <ClInclude Include="SDLReferences.h">
      <Filter>Header Files\Includes</Filter>
    </ClInclude>
    <ClInclude Include="StdReferences.h">
      <Filter>Header Files\Includes</Filter>
    </ClInclude>
    <ClInclude Include="Timer.h">
      <Filter>Header Files\Utils</Filter>
    </ClInclude>
    <ClInclude Include="SpriteType.h">
      <Filter>Header Files\Utils</Filter>
    </ClInclude>
    <ClInclude Include="GameConstants.h">
      <Filter>Header Files\Utils</Filter>
    </ClInclude>
    <ClInclude Include="PhysicalObject.h">
      <Filter>Header Files\Objects</Filter>
    </ClInclude>
    <ClInclude Include="mt19937ar.h">
      <Filter>Header Files\Utils</Filter>
    </ClInclude>
    <ClInclude Include="Level.h">
      <Filter>Header Files\World</Filter>
    </ClInclude>
    <ClInclude Include="LevelPlayerInfo.h">
      <Filter>Header Files\World</Filter>
    </ClInclude>
    <ClInclude Include="LevelEnemyInfo.h">
      <Filter>Header Files\World</Filter>
    </ClInclude>
    <ClInclude Include="GameLevels.h">
      <Filter>Header Files\World</Filter>
    </ClInclude>
  </ItemGroup>
</Project>